{
  "version": 4,
  "terraform_version": "1.11.4",
  "serial": 339,
  "lineage": "83f9c85a-6719-a98d-1fe8-7d7ad9cce375",
  "outputs": {
    "alb_dns_name": {
      "value": "mzc-user05-alb-158233501.us-west-2.elb.amazonaws.com",
      "type": "string"
    },
    "alb_zone_id": {
      "value": "Z1H1FL5HABSF5",
      "type": "string"
    },
    "asg_name": {
      "value": "mzc-user05-app-asg",
      "type": "string"
    },
    "ec2_instance_ami": {
      "value": "ami-05572e392e80aee89",
      "type": "string"
    },
    "private_subnet_ids": {
      "value": [
        "subnet-04d7add5e5bfaa600",
        "subnet-0b970f59ec6f0fe81"
      ],
      "type": [
        "tuple",
        [
          "string",
          "string"
        ]
      ]
    },
    "public_subnet_ids": {
      "value": [
        "subnet-0da5f49ef168d9d1b",
        "subnet-0ac8564671d671182"
      ],
      "type": [
        "tuple",
        [
          "string",
          "string"
        ]
      ]
    },
    "rds_endpoint": {
      "value": "mzc-user05-rds-primary.chmcy22oqf6b.us-west-2.rds.amazonaws.com:3306",
      "type": "string"
    },
    "rds_port": {
      "value": 3306,
      "type": "number"
    },
    "vpc_id": {
      "value": "vpc-0377713d7436a016f",
      "type": "string"
    }
  },
  "resources": [
    {
      "mode": "data",
      "type": "aws_ami",
      "name": "amazon_linux_2023",
      "provider": "provider[\"registry.terraform.io/hashicorp/aws\"]",
      "instances": [
        {
          "index_key": 0,
          "schema_version": 0,
          "attributes": {
            "architecture": "x86_64",
            "arn": "arn:aws:ec2:us-west-2::image/ami-05572e392e80aee89",
            "block_device_mappings": [
              {
                "device_name": "/dev/xvda",
                "ebs": {
                  "delete_on_termination": "true",
                  "encrypted": "false",
                  "iops": "3000",
                  "snapshot_id": "snap-0e91c4e6969a94c50",
                  "throughput": "125",
                  "volume_size": "8",
                  "volume_type": "gp3"
                },
                "no_device": "",
                "virtual_name": ""
              }
            ],
            "boot_mode": "uefi-preferred",
            "creation_date": "2025-04-11T00:36:14.000Z",
            "deprecation_time": "2025-07-10T00:36:00.000Z",
            "description": "Amazon Linux 2023 AMI 2023.7.20250414.0 x86_64 HVM kernel-6.1",
            "ena_support": true,
            "executable_users": null,
            "filter": [
              {
                "name": "architecture",
                "values": [
                  "x86_64"
                ]
              },
              {
                "name": "name",
                "values": [
                  "al2023-ami-2023*-kernel-*-x86_64"
                ]
              },
              {
                "name": "virtualization-type",
                "values": [
                  "hvm"
                ]
              }
            ],
            "hypervisor": "xen",
            "id": "ami-05572e392e80aee89",
            "image_id": "ami-05572e392e80aee89",
            "image_location": "amazon/al2023-ami-2023.7.20250414.0-kernel-6.1-x86_64",
            "image_owner_alias": "amazon",
            "image_type": "machine",
            "imds_support": "v2.0",
            "include_deprecated": false,
            "kernel_id": "",
            "last_launched_time": "",
            "most_recent": true,
            "name": "al2023-ami-2023.7.20250414.0-kernel-6.1-x86_64",
            "name_regex": null,
            "owner_id": "137112412989",
            "owners": [
              "amazon"
            ],
            "platform": "",
            "platform_details": "Linux/UNIX",
            "product_codes": [],
            "public": true,
            "ramdisk_id": "",
            "root_device_name": "/dev/xvda",
            "root_device_type": "ebs",
            "root_snapshot_id": "snap-0e91c4e6969a94c50",
            "sriov_net_support": "simple",
            "state": "available",
            "state_reason": {
              "code": "UNSET",
              "message": "UNSET"
            },
            "tags": {},
            "timeouts": null,
            "tpm_support": "",
            "uefi_data": null,
            "usage_operation": "RunInstances",
            "virtualization_type": "hvm"
          },
          "sensitive_attributes": []
        }
      ]
    },
    {
      "module": "module.alb",
      "mode": "managed",
      "type": "aws_lb",
      "name": "alb",
      "provider": "provider[\"registry.terraform.io/hashicorp/aws\"]",
      "instances": [
        {
          "schema_version": 0,
          "attributes": {
            "access_logs": [
              {
                "bucket": "",
                "enabled": false,
                "prefix": ""
              }
            ],
            "arn": "arn:aws:elasticloadbalancing:us-west-2:992382777416:loadbalancer/app/mzc-user05-alb/1f8dd099d78b29d3",
            "arn_suffix": "app/mzc-user05-alb/1f8dd099d78b29d3",
            "client_keep_alive": 3600,
            "connection_logs": [
              {
                "bucket": "",
                "enabled": false,
                "prefix": ""
              }
            ],
            "customer_owned_ipv4_pool": "",
            "desync_mitigation_mode": "defensive",
            "dns_name": "mzc-user05-alb-158233501.us-west-2.elb.amazonaws.com",
            "dns_record_client_routing_policy": null,
            "drop_invalid_header_fields": false,
            "enable_cross_zone_load_balancing": true,
            "enable_deletion_protection": false,
            "enable_http2": true,
            "enable_tls_version_and_cipher_suite_headers": false,
            "enable_waf_fail_open": false,
            "enable_xff_client_port": false,
            "enable_zonal_shift": false,
            "enforce_security_group_inbound_rules_on_private_link_traffic": "",
            "id": "arn:aws:elasticloadbalancing:us-west-2:992382777416:loadbalancer/app/mzc-user05-alb/1f8dd099d78b29d3",
            "idle_timeout": 60,
            "internal": false,
            "ip_address_type": "ipv4",
            "ipam_pools": [],
            "load_balancer_type": "application",
            "name": "mzc-user05-alb",
            "name_prefix": "",
            "preserve_host_header": false,
            "security_groups": [
              "sg-090bb73a7c0dd7adb"
            ],
            "subnet_mapping": [
              {
                "allocation_id": "",
                "ipv6_address": "",
                "outpost_id": "",
                "private_ipv4_address": "",
                "subnet_id": "subnet-0ac8564671d671182"
              },
              {
                "allocation_id": "",
                "ipv6_address": "",
                "outpost_id": "",
                "private_ipv4_address": "",
                "subnet_id": "subnet-0da5f49ef168d9d1b"
              }
            ],
            "subnets": [
              "subnet-0ac8564671d671182",
              "subnet-0da5f49ef168d9d1b"
            ],
            "tags": {
              "Name": "mzc-user05-alb"
            },
            "tags_all": {
              "Name": "mzc-user05-alb"
            },
            "timeouts": null,
            "vpc_id": "vpc-0377713d7436a016f",
            "xff_header_processing_mode": "append",
            "zone_id": "Z1H1FL5HABSF5"
          },
          "sensitive_attributes": [],
          "private": "eyJlMmJmYjczMC1lY2FhLTExZTYtOGY4OC0zNDM2M2JjN2M0YzAiOnsiY3JlYXRlIjo2MDAwMDAwMDAwMDAsImRlbGV0ZSI6NjAwMDAwMDAwMDAwLCJ1cGRhdGUiOjYwMDAwMDAwMDAwMH19",
          "dependencies": [
            "module.alb.aws_security_group.alb_sg",
            "module.networking.aws_subnet.public",
            "module.networking.aws_vpc.main",
            "module.networking.data.aws_availability_zones.available"
          ]
        }
      ]
    },
    {
      "module": "module.alb",
      "mode": "managed",
      "type": "aws_lb_listener",
      "name": "http",
      "provider": "provider[\"registry.terraform.io/hashicorp/aws\"]",
      "instances": [
        {
          "schema_version": 0,
          "attributes": {
            "alpn_policy": null,
            "arn": "arn:aws:elasticloadbalancing:us-west-2:992382777416:listener/app/mzc-user05-alb/1f8dd099d78b29d3/1115c6327856e03b",
            "certificate_arn": null,
            "default_action": [
              {
                "authenticate_cognito": [],
                "authenticate_oidc": [],
                "fixed_response": [],
                "forward": [],
                "order": 1,
                "redirect": [],
                "target_group_arn": "arn:aws:elasticloadbalancing:us-west-2:992382777416:targetgroup/mzc-user05-app-tg/dcbc45bacde25287",
                "type": "forward"
              }
            ],
            "id": "arn:aws:elasticloadbalancing:us-west-2:992382777416:listener/app/mzc-user05-alb/1f8dd099d78b29d3/1115c6327856e03b",
            "load_balancer_arn": "arn:aws:elasticloadbalancing:us-west-2:992382777416:loadbalancer/app/mzc-user05-alb/1f8dd099d78b29d3",
            "mutual_authentication": [],
            "port": 80,
            "protocol": "HTTP",
            "routing_http_request_x_amzn_mtls_clientcert_header_name": null,
            "routing_http_request_x_amzn_mtls_clientcert_issuer_header_name": null,
            "routing_http_request_x_amzn_mtls_clientcert_leaf_header_name": null,
            "routing_http_request_x_amzn_mtls_clientcert_serial_number_header_name": null,
            "routing_http_request_x_amzn_mtls_clientcert_subject_header_name": null,
            "routing_http_request_x_amzn_mtls_clientcert_validity_header_name": null,
            "routing_http_request_x_amzn_tls_cipher_suite_header_name": null,
            "routing_http_request_x_amzn_tls_version_header_name": null,
            "routing_http_response_access_control_allow_credentials_header_value": "",
            "routing_http_response_access_control_allow_headers_header_value": "",
            "routing_http_response_access_control_allow_methods_header_value": "",
            "routing_http_response_access_control_allow_origin_header_value": "",
            "routing_http_response_access_control_expose_headers_header_value": "",
            "routing_http_response_access_control_max_age_header_value": "",
            "routing_http_response_content_security_policy_header_value": "",
            "routing_http_response_server_enabled": false,
            "routing_http_response_strict_transport_security_header_value": "",
            "routing_http_response_x_content_type_options_header_value": "",
            "routing_http_response_x_frame_options_header_value": "",
            "ssl_policy": "",
            "tags": null,
            "tags_all": {},
            "tcp_idle_timeout_seconds": null,
            "timeouts": null
          },
          "sensitive_attributes": [],
          "private": "eyJlMmJmYjczMC1lY2FhLTExZTYtOGY4OC0zNDM2M2JjN2M0YzAiOnsiY3JlYXRlIjozMDAwMDAwMDAwMDAsInVwZGF0ZSI6MzAwMDAwMDAwMDAwfX0=",
          "dependencies": [
            "module.alb.aws_lb.alb",
            "module.alb.aws_lb_target_group.app_tg",
            "module.alb.aws_security_group.alb_sg",
            "module.networking.aws_subnet.public",
            "module.networking.aws_vpc.main",
            "module.networking.data.aws_availability_zones.available"
          ]
        }
      ]
    },
    {
      "module": "module.alb",
      "mode": "managed",
      "type": "aws_lb_target_group",
      "name": "app_tg",
      "provider": "provider[\"registry.terraform.io/hashicorp/aws\"]",
      "instances": [
        {
          "schema_version": 0,
          "attributes": {
            "arn": "arn:aws:elasticloadbalancing:us-west-2:992382777416:targetgroup/mzc-user05-app-tg/dcbc45bacde25287",
            "arn_suffix": "targetgroup/mzc-user05-app-tg/dcbc45bacde25287",
            "connection_termination": null,
            "deregistration_delay": "300",
            "health_check": [
              {
                "enabled": true,
                "healthy_threshold": 3,
                "interval": 30,
                "matcher": "200-399",
                "path": "/",
                "port": "traffic-port",
                "protocol": "HTTP",
                "timeout": 5,
                "unhealthy_threshold": 3
              }
            ],
            "id": "arn:aws:elasticloadbalancing:us-west-2:992382777416:targetgroup/mzc-user05-app-tg/dcbc45bacde25287",
            "ip_address_type": "ipv4",
            "lambda_multi_value_headers_enabled": false,
            "load_balancer_arns": [],
            "load_balancing_algorithm_type": "round_robin",
            "load_balancing_anomaly_mitigation": "off",
            "load_balancing_cross_zone_enabled": "use_load_balancer_configuration",
            "name": "mzc-user05-app-tg",
            "name_prefix": "",
            "port": 80,
            "preserve_client_ip": null,
            "protocol": "HTTP",
            "protocol_version": "HTTP1",
            "proxy_protocol_v2": false,
            "slow_start": 0,
            "stickiness": [
              {
                "cookie_duration": 86400,
                "cookie_name": "",
                "enabled": false,
                "type": "lb_cookie"
              }
            ],
            "tags": {
              "Name": "mzc-user05-app-tg"
            },
            "tags_all": {
              "Name": "mzc-user05-app-tg"
            },
            "target_failover": [
              {
                "on_deregistration": null,
                "on_unhealthy": null
              }
            ],
            "target_group_health": [
              {
                "dns_failover": [
                  {
                    "minimum_healthy_targets_count": "1",
                    "minimum_healthy_targets_percentage": "off"
                  }
                ],
                "unhealthy_state_routing": [
                  {
                    "minimum_healthy_targets_count": 1,
                    "minimum_healthy_targets_percentage": "off"
                  }
                ]
              }
            ],
            "target_health_state": [
              {
                "enable_unhealthy_connection_termination": null,
                "unhealthy_draining_interval": null
              }
            ],
            "target_type": "instance",
            "vpc_id": "vpc-0377713d7436a016f"
          },
          "sensitive_attributes": [],
          "private": "bnVsbA==",
          "dependencies": [
            "module.networking.aws_vpc.main"
          ],
          "create_before_destroy": true
        }
      ]
    },
    {
      "module": "module.alb",
      "mode": "managed",
      "type": "aws_security_group",
      "name": "alb_sg",
      "provider": "provider[\"registry.terraform.io/hashicorp/aws\"]",
      "instances": [
        {
          "schema_version": 1,
          "attributes": {
            "arn": "arn:aws:ec2:us-west-2:992382777416:security-group/sg-090bb73a7c0dd7adb",
            "description": "Allow HTTP traffic to ALB",
            "egress": [
              {
                "cidr_blocks": [
                  "0.0.0.0/0"
                ],
                "description": "",
                "from_port": 0,
                "ipv6_cidr_blocks": [],
                "prefix_list_ids": [],
                "protocol": "-1",
                "security_groups": [],
                "self": false,
                "to_port": 0
              }
            ],
            "id": "sg-090bb73a7c0dd7adb",
            "ingress": [
              {
                "cidr_blocks": [
                  "0.0.0.0/0"
                ],
                "description": "Allow HTTP from anywhere",
                "from_port": 80,
                "ipv6_cidr_blocks": [],
                "prefix_list_ids": [],
                "protocol": "tcp",
                "security_groups": [],
                "self": false,
                "to_port": 80
              }
            ],
            "name": "mzc-user05-alb-sg",
            "name_prefix": "",
            "owner_id": "992382777416",
            "revoke_rules_on_delete": false,
            "tags": {
              "Name": "mzc-user05-alb-sg"
            },
            "tags_all": {
              "Name": "mzc-user05-alb-sg"
            },
            "timeouts": null,
            "vpc_id": "vpc-0377713d7436a016f"
          },
          "sensitive_attributes": [],
          "private": "eyJlMmJmYjczMC1lY2FhLTExZTYtOGY4OC0zNDM2M2JjN2M0YzAiOnsiY3JlYXRlIjo2MDAwMDAwMDAwMDAsImRlbGV0ZSI6OTAwMDAwMDAwMDAwfSwic2NoZW1hX3ZlcnNpb24iOiIxIn0=",
          "dependencies": [
            "module.networking.aws_vpc.main"
          ],
          "create_before_destroy": true
        }
      ]
    },
    {
      "module": "module.compute",
      "mode": "managed",
      "type": "aws_autoscaling_group",
      "name": "app_asg",
      "provider": "provider[\"registry.terraform.io/hashicorp/aws\"]",
      "instances": [
        {
          "schema_version": 1,
          "attributes": {
            "arn": "arn:aws:autoscaling:us-west-2:992382777416:autoScalingGroup:a26c9ce9-33ab-46bc-a1fb-ada2ef026eca:autoScalingGroupName/mzc-user05-app-asg",
            "availability_zone_distribution": [
              {
                "capacity_distribution_strategy": "balanced-best-effort"
              }
            ],
            "availability_zones": [
              "us-west-2a",
              "us-west-2b"
            ],
            "capacity_rebalance": false,
            "context": "",
            "default_cooldown": 300,
            "default_instance_warmup": 0,
            "desired_capacity": 2,
            "desired_capacity_type": "",
            "enabled_metrics": null,
            "force_delete": false,
            "force_delete_warm_pool": false,
            "health_check_grace_period": 300,
            "health_check_type": "ELB",
            "id": "mzc-user05-app-asg",
            "ignore_failed_scaling_activities": false,
            "initial_lifecycle_hook": [],
            "instance_maintenance_policy": [],
            "instance_refresh": [],
            "launch_configuration": "",
            "launch_template": [
              {
                "id": "lt-078f21b0f775f3f2d",
                "name": "mzc-user05-app-lt",
                "version": "$Latest"
              }
            ],
            "load_balancers": [],
            "max_instance_lifetime": 0,
            "max_size": 4,
            "metrics_granularity": "1Minute",
            "min_elb_capacity": null,
            "min_size": 2,
            "mixed_instances_policy": [],
            "name": "mzc-user05-app-asg",
            "name_prefix": "",
            "placement_group": "",
            "predicted_capacity": 0,
            "protect_from_scale_in": false,
            "service_linked_role_arn": "arn:aws:iam::992382777416:role/aws-service-role/autoscaling.amazonaws.com/AWSServiceRoleForAutoScaling",
            "suspended_processes": null,
            "tag": [
              {
                "key": "Name",
                "propagate_at_launch": true,
                "value": "mzc-user05-asg-instance"
              },
              {
                "key": "Project",
                "propagate_at_launch": true,
                "value": "mzc-user05"
              }
            ],
            "target_group_arns": [
              "arn:aws:elasticloadbalancing:us-west-2:992382777416:targetgroup/mzc-user05-app-tg/dcbc45bacde25287"
            ],
            "termination_policies": null,
            "timeouts": null,
            "traffic_source": [
              {
                "identifier": "arn:aws:elasticloadbalancing:us-west-2:992382777416:targetgroup/mzc-user05-app-tg/dcbc45bacde25287",
                "type": "elbv2"
              }
            ],
            "vpc_zone_identifier": [
              "subnet-04d7add5e5bfaa600",
              "subnet-0b970f59ec6f0fe81"
            ],
            "wait_for_capacity_timeout": "10m",
            "wait_for_elb_capacity": null,
            "warm_pool": [],
            "warm_pool_size": 0
          },
          "sensitive_attributes": [],
          "private": "eyJlMmJmYjczMC1lY2FhLTExZTYtOGY4OC0zNDM2M2JjN2M0YzAiOnsiZGVsZXRlIjo2MDAwMDAwMDAwMDAsInVwZGF0ZSI6NjAwMDAwMDAwMDAwfSwic2NoZW1hX3ZlcnNpb24iOiIxIn0=",
          "dependencies": [
            "data.aws_ami.amazon_linux_2023",
            "module.alb.aws_lb_target_group.app_tg",
            "module.alb.aws_security_group.alb_sg",
            "module.compute.aws_iam_instance_profile.ec2_ssm_profile",
            "module.compute.aws_iam_role.ec2_ssm_role",
            "module.compute.aws_launch_template.app_lt",
            "module.compute.aws_security_group.ec2_sg",
            "module.networking.aws_subnet.private",
            "module.networking.aws_vpc.main",
            "module.networking.data.aws_availability_zones.available"
          ],
          "create_before_destroy": true
        }
      ]
    },
    {
      "module": "module.compute",
      "mode": "managed",
      "type": "aws_iam_instance_profile",
      "name": "ec2_ssm_profile",
      "provider": "provider[\"registry.terraform.io/hashicorp/aws\"]",
      "instances": [
        {
          "index_key": 0,
          "schema_version": 0,
          "attributes": {
            "arn": "arn:aws:iam::992382777416:instance-profile/mzc-user05-ec2-ssm-profile",
            "create_date": "2025-04-23T06:27:28Z",
            "id": "mzc-user05-ec2-ssm-profile",
            "name": "mzc-user05-ec2-ssm-profile",
            "name_prefix": "",
            "path": "/",
            "role": "mzc-user05-ec2-ssm-role",
            "tags": {
              "Name": "mzc-user05-ec2-ssm-profile"
            },
            "tags_all": {
              "Name": "mzc-user05-ec2-ssm-profile"
            },
            "unique_id": "AIPA6ODU7PBEHVQLYPRUB"
          },
          "sensitive_attributes": [],
          "private": "bnVsbA==",
          "dependencies": [
            "module.compute.aws_iam_role.ec2_ssm_role"
          ],
          "create_before_destroy": true
        }
      ]
    },
    {
      "module": "module.compute",
      "mode": "managed",
      "type": "aws_iam_role",
      "name": "ec2_ssm_role",
      "provider": "provider[\"registry.terraform.io/hashicorp/aws\"]",
      "instances": [
        {
          "index_key": 0,
          "schema_version": 0,
          "attributes": {
            "arn": "arn:aws:iam::992382777416:role/mzc-user05-ec2-ssm-role",
            "assume_role_policy": "{\"Statement\":[{\"Action\":\"sts:AssumeRole\",\"Effect\":\"Allow\",\"Principal\":{\"Service\":\"ec2.amazonaws.com\"}}],\"Version\":\"2012-10-17\"}",
            "create_date": "2025-04-23T06:27:26Z",
            "description": "",
            "force_detach_policies": false,
            "id": "mzc-user05-ec2-ssm-role",
            "inline_policy": [],
            "managed_policy_arns": [],
            "max_session_duration": 3600,
            "name": "mzc-user05-ec2-ssm-role",
            "name_prefix": "",
            "path": "/",
            "permissions_boundary": "",
            "tags": {
              "Name": "mzc-user05-ec2-ssm-role"
            },
            "tags_all": {
              "Name": "mzc-user05-ec2-ssm-role"
            },
            "unique_id": "AROA6ODU7PBEFIEZIA2U2"
          },
          "sensitive_attributes": [],
          "private": "bnVsbA==",
          "create_before_destroy": true
        }
      ]
    },
    {
      "module": "module.compute",
      "mode": "managed",
      "type": "aws_iam_role_policy_attachment",
      "name": "ssm_policy_attach",
      "provider": "provider[\"registry.terraform.io/hashicorp/aws\"]",
      "instances": [
        {
          "index_key": 0,
          "schema_version": 0,
          "attributes": {
            "id": "mzc-user05-ec2-ssm-role-20250423062728509500000001",
            "policy_arn": "arn:aws:iam::aws:policy/AmazonSSMManagedInstanceCore",
            "role": "mzc-user05-ec2-ssm-role"
          },
          "sensitive_attributes": [],
          "private": "bnVsbA==",
          "dependencies": [
            "module.compute.aws_iam_role.ec2_ssm_role"
          ]
        }
      ]
    },
    {
      "module": "module.compute",
      "mode": "managed",
      "type": "aws_launch_template",
      "name": "app_lt",
      "provider": "provider[\"registry.terraform.io/hashicorp/aws\"]",
      "instances": [
        {
          "schema_version": 0,
          "attributes": {
            "arn": "arn:aws:ec2:us-west-2:992382777416:launch-template/lt-078f21b0f775f3f2d",
            "block_device_mappings": [],
            "capacity_reservation_specification": [],
            "cpu_options": [],
            "credit_specification": [],
            "default_version": 1,
            "description": "",
            "disable_api_stop": false,
            "disable_api_termination": false,
            "ebs_optimized": "",
            "elastic_gpu_specifications": [],
            "elastic_inference_accelerator": [],
            "enclave_options": [],
            "hibernation_options": [],
            "iam_instance_profile": [
              {
                "arn": "",
                "name": "mzc-user05-ec2-ssm-profile"
              }
            ],
            "id": "lt-078f21b0f775f3f2d",
            "image_id": "ami-05572e392e80aee89",
            "instance_initiated_shutdown_behavior": "",
            "instance_market_options": [],
            "instance_requirements": [],
            "instance_type": "t3.micro",
            "kernel_id": "",
            "key_name": "",
            "latest_version": 1,
            "license_specification": [],
            "maintenance_options": [],
            "metadata_options": [],
            "monitoring": [],
            "name": "mzc-user05-app-lt",
            "name_prefix": "",
            "network_interfaces": [],
            "placement": [],
            "private_dns_name_options": [],
            "ram_disk_id": "",
            "security_group_names": null,
            "tag_specifications": [
              {
                "resource_type": "instance",
                "tags": {
                  "Name": "mzc-user05-ec2-instance"
                }
              }
            ],
            "tags": {
              "Name": "mzc-user05-app-lt"
            },
            "tags_all": {
              "Name": "mzc-user05-app-lt"
            },
            "update_default_version": null,
            "user_data": "",
            "vpc_security_group_ids": [
              "sg-08051cdc09b94ee4c"
            ]
          },
          "sensitive_attributes": [],
          "private": "bnVsbA==",
          "dependencies": [
            "data.aws_ami.amazon_linux_2023",
            "module.alb.aws_security_group.alb_sg",
            "module.compute.aws_iam_instance_profile.ec2_ssm_profile",
            "module.compute.aws_iam_role.ec2_ssm_role",
            "module.compute.aws_security_group.ec2_sg",
            "module.networking.aws_vpc.main"
          ],
          "create_before_destroy": true
        }
      ]
    },
    {
      "module": "module.compute",
      "mode": "managed",
      "type": "aws_security_group",
      "name": "ec2_sg",
      "provider": "provider[\"registry.terraform.io/hashicorp/aws\"]",
      "instances": [
        {
          "schema_version": 1,
          "attributes": {
            "arn": "arn:aws:ec2:us-west-2:992382777416:security-group/sg-08051cdc09b94ee4c",
            "description": "Allow traffic from ALB and outbound traffic",
            "egress": [
              {
                "cidr_blocks": [
                  "0.0.0.0/0"
                ],
                "description": "",
                "from_port": 0,
                "ipv6_cidr_blocks": [],
                "prefix_list_ids": [],
                "protocol": "-1",
                "security_groups": [],
                "self": false,
                "to_port": 0
              }
            ],
            "id": "sg-08051cdc09b94ee4c",
            "ingress": [
              {
                "cidr_blocks": [],
                "description": "Allow HTTP from ALB",
                "from_port": 80,
                "ipv6_cidr_blocks": [],
                "prefix_list_ids": [],
                "protocol": "tcp",
                "security_groups": [
                  "sg-090bb73a7c0dd7adb"
                ],
                "self": false,
                "to_port": 80
              }
            ],
            "name": "mzc-user05-ec2-sg",
            "name_prefix": "",
            "owner_id": "992382777416",
            "revoke_rules_on_delete": false,
            "tags": {
              "Name": "mzc-user05-ec2-sg"
            },
            "tags_all": {
              "Name": "mzc-user05-ec2-sg"
            },
            "timeouts": null,
            "vpc_id": "vpc-0377713d7436a016f"
          },
          "sensitive_attributes": [],
          "private": "eyJlMmJmYjczMC1lY2FhLTExZTYtOGY4OC0zNDM2M2JjN2M0YzAiOnsiY3JlYXRlIjo2MDAwMDAwMDAwMDAsImRlbGV0ZSI6OTAwMDAwMDAwMDAwfSwic2NoZW1hX3ZlcnNpb24iOiIxIn0=",
          "dependencies": [
            "module.alb.aws_security_group.alb_sg",
            "module.networking.aws_vpc.main"
          ],
          "create_before_destroy": true
        }
      ]
    },
    {
      "module": "module.networking",
      "mode": "data",
      "type": "aws_availability_zones",
      "name": "available",
      "provider": "provider[\"registry.terraform.io/hashicorp/aws\"]",
      "instances": [
        {
          "schema_version": 0,
          "attributes": {
            "all_availability_zones": null,
            "exclude_names": null,
            "exclude_zone_ids": null,
            "filter": null,
            "group_names": [
              "us-west-2-zg-1"
            ],
            "id": "us-west-2",
            "names": [
              "us-west-2a",
              "us-west-2b",
              "us-west-2c",
              "us-west-2d"
            ],
            "state": "available",
            "timeouts": null,
            "zone_ids": [
              "usw2-az2",
              "usw2-az1",
              "usw2-az3",
              "usw2-az4"
            ]
          },
          "sensitive_attributes": []
        }
      ]
    },
    {
      "module": "module.networking",
      "mode": "managed",
      "type": "aws_eip",
      "name": "nat",
      "provider": "provider[\"registry.terraform.io/hashicorp/aws\"]",
      "instances": [
        {
          "schema_version": 0,
          "attributes": {
            "address": null,
            "allocation_id": "eipalloc-08ed9a2542d9f6737",
            "arn": "arn:aws:ec2:us-west-2:992382777416:elastic-ip/eipalloc-08ed9a2542d9f6737",
            "associate_with_private_ip": null,
            "association_id": "",
            "carrier_ip": "",
            "customer_owned_ip": "",
            "customer_owned_ipv4_pool": "",
            "domain": "vpc",
            "id": "eipalloc-08ed9a2542d9f6737",
            "instance": "",
            "ipam_pool_id": null,
            "network_border_group": "us-west-2",
            "network_interface": "",
            "private_dns": null,
            "private_ip": "",
            "ptr_record": "",
            "public_dns": "ec2-52-37-71-149.us-west-2.compute.amazonaws.com",
            "public_ip": "52.37.71.149",
            "public_ipv4_pool": "amazon",
            "tags": {
              "Name": "mzc-user05-nat-eip"
            },
            "tags_all": {
              "Name": "mzc-user05-nat-eip"
            },
            "timeouts": null,
            "vpc": true
          },
          "sensitive_attributes": [],
          "private": "eyJlMmJmYjczMC1lY2FhLTExZTYtOGY4OC0zNDM2M2JjN2M0YzAiOnsiZGVsZXRlIjoxODAwMDAwMDAwMDAsInJlYWQiOjkwMDAwMDAwMDAwMCwidXBkYXRlIjozMDAwMDAwMDAwMDB9fQ==",
          "dependencies": [
            "module.networking.aws_internet_gateway.igw",
            "module.networking.aws_vpc.main"
          ]
        }
      ]
    },
    {
      "module": "module.networking",
      "mode": "managed",
      "type": "aws_internet_gateway",
      "name": "igw",
      "provider": "provider[\"registry.terraform.io/hashicorp/aws\"]",
      "instances": [
        {
          "schema_version": 0,
          "attributes": {
            "arn": "arn:aws:ec2:us-west-2:992382777416:internet-gateway/igw-0f2fe90d993d4023d",
            "id": "igw-0f2fe90d993d4023d",
            "owner_id": "992382777416",
            "tags": {
              "Name": "mzc-user05-igw"
            },
            "tags_all": {
              "Name": "mzc-user05-igw"
            },
            "timeouts": null,
            "vpc_id": "vpc-0377713d7436a016f"
          },
          "sensitive_attributes": [],
          "private": "eyJlMmJmYjczMC1lY2FhLTExZTYtOGY4OC0zNDM2M2JjN2M0YzAiOnsiY3JlYXRlIjoxMjAwMDAwMDAwMDAwLCJkZWxldGUiOjEyMDAwMDAwMDAwMDAsInVwZGF0ZSI6MTIwMDAwMDAwMDAwMH19",
          "dependencies": [
            "module.networking.aws_vpc.main"
          ]
        }
      ]
    },
    {
      "module": "module.networking",
      "mode": "managed",
      "type": "aws_nat_gateway",
      "name": "nat",
      "provider": "provider[\"registry.terraform.io/hashicorp/aws\"]",
      "instances": [
        {
          "index_key": 0,
          "schema_version": 0,
          "attributes": {
            "allocation_id": "eipalloc-08ed9a2542d9f6737",
            "association_id": "eipassoc-06a6e68a45b4a06ce",
            "connectivity_type": "public",
            "id": "nat-06797be22bd667a2f",
            "network_interface_id": "eni-0db10011fb8e291a6",
            "private_ip": "10.10.1.152",
            "public_ip": "52.37.71.149",
            "secondary_allocation_ids": null,
            "secondary_private_ip_address_count": 0,
            "secondary_private_ip_addresses": [],
            "subnet_id": "subnet-0da5f49ef168d9d1b",
            "tags": {
              "Name": "mzc-user05-nat-gw"
            },
            "tags_all": {
              "Name": "mzc-user05-nat-gw"
            },
            "timeouts": null
          },
          "sensitive_attributes": [],
          "private": "eyJlMmJmYjczMC1lY2FhLTExZTYtOGY4OC0zNDM2M2JjN2M0YzAiOnsiY3JlYXRlIjo2MDAwMDAwMDAwMDAsImRlbGV0ZSI6MTgwMDAwMDAwMDAwMCwidXBkYXRlIjo2MDAwMDAwMDAwMDB9fQ==",
          "dependencies": [
            "module.networking.aws_eip.nat",
            "module.networking.aws_internet_gateway.igw",
            "module.networking.aws_subnet.public",
            "module.networking.aws_vpc.main",
            "module.networking.data.aws_availability_zones.available"
          ]
        }
      ]
    },
    {
      "module": "module.networking",
      "mode": "managed",
      "type": "aws_route_table",
      "name": "private",
      "provider": "provider[\"registry.terraform.io/hashicorp/aws\"]",
      "instances": [
        {
          "index_key": 0,
          "schema_version": 0,
          "attributes": {
            "arn": "arn:aws:ec2:us-west-2:992382777416:route-table/rtb-02942f0df756833a8",
            "id": "rtb-02942f0df756833a8",
            "owner_id": "992382777416",
            "propagating_vgws": [],
            "route": [
              {
                "carrier_gateway_id": "",
                "cidr_block": "0.0.0.0/0",
                "core_network_arn": "",
                "destination_prefix_list_id": "",
                "egress_only_gateway_id": "",
                "gateway_id": "",
                "ipv6_cidr_block": "",
                "local_gateway_id": "",
                "nat_gateway_id": "nat-06797be22bd667a2f",
                "network_interface_id": "",
                "transit_gateway_id": "",
                "vpc_endpoint_id": "",
                "vpc_peering_connection_id": ""
              }
            ],
            "tags": {
              "Name": "mzc-user05-private-rt"
            },
            "tags_all": {
              "Name": "mzc-user05-private-rt"
            },
            "timeouts": null,
            "vpc_id": "vpc-0377713d7436a016f"
          },
          "sensitive_attributes": [],
          "private": "eyJlMmJmYjczMC1lY2FhLTExZTYtOGY4OC0zNDM2M2JjN2M0YzAiOnsiY3JlYXRlIjozMDAwMDAwMDAwMDAsImRlbGV0ZSI6MzAwMDAwMDAwMDAwLCJ1cGRhdGUiOjEyMDAwMDAwMDAwMH19",
          "dependencies": [
            "module.networking.aws_eip.nat",
            "module.networking.aws_internet_gateway.igw",
            "module.networking.aws_nat_gateway.nat",
            "module.networking.aws_subnet.public",
            "module.networking.aws_vpc.main",
            "module.networking.data.aws_availability_zones.available"
          ]
        }
      ]
    },
    {
      "module": "module.networking",
      "mode": "managed",
      "type": "aws_route_table",
      "name": "public",
      "provider": "provider[\"registry.terraform.io/hashicorp/aws\"]",
      "instances": [
        {
          "schema_version": 0,
          "attributes": {
            "arn": "arn:aws:ec2:us-west-2:992382777416:route-table/rtb-01d0ee41966aef7cb",
            "id": "rtb-01d0ee41966aef7cb",
            "owner_id": "992382777416",
            "propagating_vgws": [],
            "route": [
              {
                "carrier_gateway_id": "",
                "cidr_block": "0.0.0.0/0",
                "core_network_arn": "",
                "destination_prefix_list_id": "",
                "egress_only_gateway_id": "",
                "gateway_id": "igw-0f2fe90d993d4023d",
                "ipv6_cidr_block": "",
                "local_gateway_id": "",
                "nat_gateway_id": "",
                "network_interface_id": "",
                "transit_gateway_id": "",
                "vpc_endpoint_id": "",
                "vpc_peering_connection_id": ""
              }
            ],
            "tags": {
              "Name": "mzc-user05-public-rt"
            },
            "tags_all": {
              "Name": "mzc-user05-public-rt"
            },
            "timeouts": null,
            "vpc_id": "vpc-0377713d7436a016f"
          },
          "sensitive_attributes": [],
          "private": "eyJlMmJmYjczMC1lY2FhLTExZTYtOGY4OC0zNDM2M2JjN2M0YzAiOnsiY3JlYXRlIjozMDAwMDAwMDAwMDAsImRlbGV0ZSI6MzAwMDAwMDAwMDAwLCJ1cGRhdGUiOjEyMDAwMDAwMDAwMH19",
          "dependencies": [
            "module.networking.aws_internet_gateway.igw",
            "module.networking.aws_vpc.main"
          ]
        }
      ]
    },
    {
      "module": "module.networking",
      "mode": "managed",
      "type": "aws_route_table_association",
      "name": "private",
      "provider": "provider[\"registry.terraform.io/hashicorp/aws\"]",
      "instances": [
        {
          "index_key": 0,
          "schema_version": 0,
          "attributes": {
            "gateway_id": "",
            "id": "rtbassoc-0f0a92fc5abf02749",
            "route_table_id": "rtb-02942f0df756833a8",
            "subnet_id": "subnet-04d7add5e5bfaa600",
            "timeouts": null
          },
          "sensitive_attributes": [],
          "private": "eyJlMmJmYjczMC1lY2FhLTExZTYtOGY4OC0zNDM2M2JjN2M0YzAiOnsiY3JlYXRlIjozMDAwMDAwMDAwMDAsImRlbGV0ZSI6MzAwMDAwMDAwMDAwLCJ1cGRhdGUiOjEyMDAwMDAwMDAwMH19",
          "dependencies": [
            "module.networking.aws_eip.nat",
            "module.networking.aws_internet_gateway.igw",
            "module.networking.aws_nat_gateway.nat",
            "module.networking.aws_route_table.private",
            "module.networking.aws_subnet.private",
            "module.networking.aws_subnet.public",
            "module.networking.aws_vpc.main",
            "module.networking.data.aws_availability_zones.available"
          ]
        },
        {
          "index_key": 1,
          "schema_version": 0,
          "attributes": {
            "gateway_id": "",
            "id": "rtbassoc-07b9ee74138faaf56",
            "route_table_id": "rtb-02942f0df756833a8",
            "subnet_id": "subnet-0b970f59ec6f0fe81",
            "timeouts": null
          },
          "sensitive_attributes": [],
          "private": "eyJlMmJmYjczMC1lY2FhLTExZTYtOGY4OC0zNDM2M2JjN2M0YzAiOnsiY3JlYXRlIjozMDAwMDAwMDAwMDAsImRlbGV0ZSI6MzAwMDAwMDAwMDAwLCJ1cGRhdGUiOjEyMDAwMDAwMDAwMH19",
          "dependencies": [
            "module.networking.aws_eip.nat",
            "module.networking.aws_internet_gateway.igw",
            "module.networking.aws_nat_gateway.nat",
            "module.networking.aws_route_table.private",
            "module.networking.aws_subnet.private",
            "module.networking.aws_subnet.public",
            "module.networking.aws_vpc.main",
            "module.networking.data.aws_availability_zones.available"
          ]
        }
      ]
    },
    {
      "module": "module.networking",
      "mode": "managed",
      "type": "aws_route_table_association",
      "name": "public",
      "provider": "provider[\"registry.terraform.io/hashicorp/aws\"]",
      "instances": [
        {
          "index_key": 0,
          "schema_version": 0,
          "attributes": {
            "gateway_id": "",
            "id": "rtbassoc-07605e3acc1427693",
            "route_table_id": "rtb-01d0ee41966aef7cb",
            "subnet_id": "subnet-0da5f49ef168d9d1b",
            "timeouts": null
          },
          "sensitive_attributes": [],
          "private": "eyJlMmJmYjczMC1lY2FhLTExZTYtOGY4OC0zNDM2M2JjN2M0YzAiOnsiY3JlYXRlIjozMDAwMDAwMDAwMDAsImRlbGV0ZSI6MzAwMDAwMDAwMDAwLCJ1cGRhdGUiOjEyMDAwMDAwMDAwMH19",
          "dependencies": [
            "module.networking.aws_internet_gateway.igw",
            "module.networking.aws_route_table.public",
            "module.networking.aws_subnet.public",
            "module.networking.aws_vpc.main",
            "module.networking.data.aws_availability_zones.available"
          ]
        },
        {
          "index_key": 1,
          "schema_version": 0,
          "attributes": {
            "gateway_id": "",
            "id": "rtbassoc-00ac72e175b946fb7",
            "route_table_id": "rtb-01d0ee41966aef7cb",
            "subnet_id": "subnet-0ac8564671d671182",
            "timeouts": null
          },
          "sensitive_attributes": [],
          "private": "eyJlMmJmYjczMC1lY2FhLTExZTYtOGY4OC0zNDM2M2JjN2M0YzAiOnsiY3JlYXRlIjozMDAwMDAwMDAwMDAsImRlbGV0ZSI6MzAwMDAwMDAwMDAwLCJ1cGRhdGUiOjEyMDAwMDAwMDAwMH19",
          "dependencies": [
            "module.networking.aws_internet_gateway.igw",
            "module.networking.aws_route_table.public",
            "module.networking.aws_subnet.public",
            "module.networking.aws_vpc.main",
            "module.networking.data.aws_availability_zones.available"
          ]
        }
      ]
    },
    {
      "module": "module.networking",
      "mode": "managed",
      "type": "aws_security_group",
      "name": "vpc_endpoint_sg",
      "provider": "provider[\"registry.terraform.io/hashicorp/aws\"]",
      "instances": [
        {
          "index_key": 0,
          "schema_version": 1,
          "attributes": {
            "arn": "arn:aws:ec2:us-west-2:992382777416:security-group/sg-047afadff5acdbc11",
            "description": "Allow HTTPS from within VPC for Interface Endpoints",
            "egress": [
              {
                "cidr_blocks": [
                  "0.0.0.0/0"
                ],
                "description": "",
                "from_port": 0,
                "ipv6_cidr_blocks": [],
                "prefix_list_ids": [],
                "protocol": "-1",
                "security_groups": [],
                "self": false,
                "to_port": 0
              }
            ],
            "id": "sg-047afadff5acdbc11",
            "ingress": [
              {
                "cidr_blocks": [
                  "10.10.0.0/16"
                ],
                "description": "HTTPS from VPC",
                "from_port": 443,
                "ipv6_cidr_blocks": [],
                "prefix_list_ids": [],
                "protocol": "tcp",
                "security_groups": [],
                "self": false,
                "to_port": 443
              }
            ],
            "name": "mzc-user05-vpc-endpoint-sg",
            "name_prefix": "",
            "owner_id": "992382777416",
            "revoke_rules_on_delete": false,
            "tags": {
              "Name": "mzc-user05-vpc-endpoint-sg"
            },
            "tags_all": {
              "Name": "mzc-user05-vpc-endpoint-sg"
            },
            "timeouts": null,
            "vpc_id": "vpc-0377713d7436a016f"
          },
          "sensitive_attributes": [],
          "private": "eyJlMmJmYjczMC1lY2FhLTExZTYtOGY4OC0zNDM2M2JjN2M0YzAiOnsiY3JlYXRlIjo2MDAwMDAwMDAwMDAsImRlbGV0ZSI6OTAwMDAwMDAwMDAwfSwic2NoZW1hX3ZlcnNpb24iOiIxIn0=",
          "dependencies": [
            "module.networking.aws_vpc.main"
          ]
        }
      ]
    },
    {
      "module": "module.networking",
      "mode": "managed",
      "type": "aws_subnet",
      "name": "private",
      "provider": "provider[\"registry.terraform.io/hashicorp/aws\"]",
      "instances": [
        {
          "index_key": 0,
          "schema_version": 1,
          "attributes": {
            "arn": "arn:aws:ec2:us-west-2:992382777416:subnet/subnet-04d7add5e5bfaa600",
            "assign_ipv6_address_on_creation": false,
            "availability_zone": "us-west-2a",
            "availability_zone_id": "usw2-az2",
            "cidr_block": "10.10.128.0/22",
            "customer_owned_ipv4_pool": "",
            "enable_dns64": false,
            "enable_lni_at_device_index": 0,
            "enable_resource_name_dns_a_record_on_launch": false,
            "enable_resource_name_dns_aaaa_record_on_launch": false,
            "id": "subnet-04d7add5e5bfaa600",
            "ipv6_cidr_block": "",
            "ipv6_cidr_block_association_id": "",
            "ipv6_native": false,
            "map_customer_owned_ip_on_launch": false,
            "map_public_ip_on_launch": false,
            "outpost_arn": "",
            "owner_id": "992382777416",
            "private_dns_hostname_type_on_launch": "ip-name",
            "tags": {
              "Name": "mzc-user05-private-subnet-us-west-2a",
              "Tier": "Private"
            },
            "tags_all": {
              "Name": "mzc-user05-private-subnet-us-west-2a",
              "Tier": "Private"
            },
            "timeouts": null,
            "vpc_id": "vpc-0377713d7436a016f"
          },
          "sensitive_attributes": [],
          "private": "eyJlMmJmYjczMC1lY2FhLTExZTYtOGY4OC0zNDM2M2JjN2M0YzAiOnsiY3JlYXRlIjo2MDAwMDAwMDAwMDAsImRlbGV0ZSI6MTIwMDAwMDAwMDAwMH0sInNjaGVtYV92ZXJzaW9uIjoiMSJ9",
          "dependencies": [
            "module.networking.aws_vpc.main",
            "module.networking.data.aws_availability_zones.available"
          ],
          "create_before_destroy": true
        },
        {
          "index_key": 1,
          "schema_version": 1,
          "attributes": {
            "arn": "arn:aws:ec2:us-west-2:992382777416:subnet/subnet-0b970f59ec6f0fe81",
            "assign_ipv6_address_on_creation": false,
            "availability_zone": "us-west-2b",
            "availability_zone_id": "usw2-az1",
            "cidr_block": "10.10.132.0/22",
            "customer_owned_ipv4_pool": "",
            "enable_dns64": false,
            "enable_lni_at_device_index": 0,
            "enable_resource_name_dns_a_record_on_launch": false,
            "enable_resource_name_dns_aaaa_record_on_launch": false,
            "id": "subnet-0b970f59ec6f0fe81",
            "ipv6_cidr_block": "",
            "ipv6_cidr_block_association_id": "",
            "ipv6_native": false,
            "map_customer_owned_ip_on_launch": false,
            "map_public_ip_on_launch": false,
            "outpost_arn": "",
            "owner_id": "992382777416",
            "private_dns_hostname_type_on_launch": "ip-name",
            "tags": {
              "Name": "mzc-user05-private-subnet-us-west-2b",
              "Tier": "Private"
            },
            "tags_all": {
              "Name": "mzc-user05-private-subnet-us-west-2b",
              "Tier": "Private"
            },
            "timeouts": null,
            "vpc_id": "vpc-0377713d7436a016f"
          },
          "sensitive_attributes": [],
          "private": "eyJlMmJmYjczMC1lY2FhLTExZTYtOGY4OC0zNDM2M2JjN2M0YzAiOnsiY3JlYXRlIjo2MDAwMDAwMDAwMDAsImRlbGV0ZSI6MTIwMDAwMDAwMDAwMH0sInNjaGVtYV92ZXJzaW9uIjoiMSJ9",
          "dependencies": [
            "module.networking.aws_vpc.main",
            "module.networking.data.aws_availability_zones.available"
          ],
          "create_before_destroy": true
        }
      ]
    },
    {
      "module": "module.networking",
      "mode": "managed",
      "type": "aws_subnet",
      "name": "public",
      "provider": "provider[\"registry.terraform.io/hashicorp/aws\"]",
      "instances": [
        {
          "index_key": 0,
          "schema_version": 1,
          "attributes": {
            "arn": "arn:aws:ec2:us-west-2:992382777416:subnet/subnet-0da5f49ef168d9d1b",
            "assign_ipv6_address_on_creation": false,
            "availability_zone": "us-west-2a",
            "availability_zone_id": "usw2-az2",
            "cidr_block": "10.10.1.0/24",
            "customer_owned_ipv4_pool": "",
            "enable_dns64": false,
            "enable_lni_at_device_index": 0,
            "enable_resource_name_dns_a_record_on_launch": false,
            "enable_resource_name_dns_aaaa_record_on_launch": false,
            "id": "subnet-0da5f49ef168d9d1b",
            "ipv6_cidr_block": "",
            "ipv6_cidr_block_association_id": "",
            "ipv6_native": false,
            "map_customer_owned_ip_on_launch": false,
            "map_public_ip_on_launch": true,
            "outpost_arn": "",
            "owner_id": "992382777416",
            "private_dns_hostname_type_on_launch": "ip-name",
            "tags": {
              "Name": "mzc-user05-public-subnet-us-west-2a",
              "Tier": "Public"
            },
            "tags_all": {
              "Name": "mzc-user05-public-subnet-us-west-2a",
              "Tier": "Public"
            },
            "timeouts": null,
            "vpc_id": "vpc-0377713d7436a016f"
          },
          "sensitive_attributes": [],
          "private": "eyJlMmJmYjczMC1lY2FhLTExZTYtOGY4OC0zNDM2M2JjN2M0YzAiOnsiY3JlYXRlIjo2MDAwMDAwMDAwMDAsImRlbGV0ZSI6MTIwMDAwMDAwMDAwMH0sInNjaGVtYV92ZXJzaW9uIjoiMSJ9",
          "dependencies": [
            "module.networking.aws_vpc.main",
            "module.networking.data.aws_availability_zones.available"
          ]
        },
        {
          "index_key": 1,
          "schema_version": 1,
          "attributes": {
            "arn": "arn:aws:ec2:us-west-2:992382777416:subnet/subnet-0ac8564671d671182",
            "assign_ipv6_address_on_creation": false,
            "availability_zone": "us-west-2b",
            "availability_zone_id": "usw2-az1",
            "cidr_block": "10.10.2.0/24",
            "customer_owned_ipv4_pool": "",
            "enable_dns64": false,
            "enable_lni_at_device_index": 0,
            "enable_resource_name_dns_a_record_on_launch": false,
            "enable_resource_name_dns_aaaa_record_on_launch": false,
            "id": "subnet-0ac8564671d671182",
            "ipv6_cidr_block": "",
            "ipv6_cidr_block_association_id": "",
            "ipv6_native": false,
            "map_customer_owned_ip_on_launch": false,
            "map_public_ip_on_launch": true,
            "outpost_arn": "",
            "owner_id": "992382777416",
            "private_dns_hostname_type_on_launch": "ip-name",
            "tags": {
              "Name": "mzc-user05-public-subnet-us-west-2b",
              "Tier": "Public"
            },
            "tags_all": {
              "Name": "mzc-user05-public-subnet-us-west-2b",
              "Tier": "Public"
            },
            "timeouts": null,
            "vpc_id": "vpc-0377713d7436a016f"
          },
          "sensitive_attributes": [],
          "private": "eyJlMmJmYjczMC1lY2FhLTExZTYtOGY4OC0zNDM2M2JjN2M0YzAiOnsiY3JlYXRlIjo2MDAwMDAwMDAwMDAsImRlbGV0ZSI6MTIwMDAwMDAwMDAwMH0sInNjaGVtYV92ZXJzaW9uIjoiMSJ9",
          "dependencies": [
            "module.networking.aws_vpc.main",
            "module.networking.data.aws_availability_zones.available"
          ]
        }
      ]
    },
    {
      "module": "module.networking",
      "mode": "managed",
      "type": "aws_vpc",
      "name": "main",
      "provider": "provider[\"registry.terraform.io/hashicorp/aws\"]",
      "instances": [
        {
          "schema_version": 1,
          "attributes": {
            "arn": "arn:aws:ec2:us-west-2:992382777416:vpc/vpc-0377713d7436a016f",
            "assign_generated_ipv6_cidr_block": false,
            "cidr_block": "10.10.0.0/16",
            "default_network_acl_id": "acl-029178ec50e0e0e87",
            "default_route_table_id": "rtb-0930bc324d10f9d76",
            "default_security_group_id": "sg-077db056e79ecae9f",
            "dhcp_options_id": "dopt-03cb275c7ccef02fd",
            "enable_dns_hostnames": true,
            "enable_dns_support": true,
            "enable_network_address_usage_metrics": false,
            "id": "vpc-0377713d7436a016f",
            "instance_tenancy": "default",
            "ipv4_ipam_pool_id": null,
            "ipv4_netmask_length": null,
            "ipv6_association_id": "",
            "ipv6_cidr_block": "",
            "ipv6_cidr_block_network_border_group": "",
            "ipv6_ipam_pool_id": "",
            "ipv6_netmask_length": 0,
            "main_route_table_id": "rtb-0930bc324d10f9d76",
            "owner_id": "992382777416",
            "tags": {
              "Name": "mzc-user05-vpc"
            },
            "tags_all": {
              "Name": "mzc-user05-vpc"
            }
          },
          "sensitive_attributes": [],
          "private": "eyJzY2hlbWFfdmVyc2lvbiI6IjEifQ==",
          "create_before_destroy": true
        }
      ]
    },
    {
      "module": "module.networking",
      "mode": "managed",
      "type": "aws_vpc_endpoint",
      "name": "ec2messages",
      "provider": "provider[\"registry.terraform.io/hashicorp/aws\"]",
      "instances": [
        {
          "index_key": 0,
          "schema_version": 0,
          "attributes": {
            "arn": "arn:aws:ec2:us-west-2:992382777416:vpc-endpoint/vpce-067566d2da3b81ed7",
            "auto_accept": null,
            "cidr_blocks": [],
            "dns_entry": [
              {
                "dns_name": "vpce-067566d2da3b81ed7-x7uu573p.ec2messages.us-west-2.vpce.amazonaws.com",
                "hosted_zone_id": "Z1YSA3EXCYUU9Z"
              },
              {
                "dns_name": "vpce-067566d2da3b81ed7-x7uu573p-us-west-2a.ec2messages.us-west-2.vpce.amazonaws.com",
                "hosted_zone_id": "Z1YSA3EXCYUU9Z"
              },
              {
                "dns_name": "vpce-067566d2da3b81ed7-x7uu573p-us-west-2b.ec2messages.us-west-2.vpce.amazonaws.com",
                "hosted_zone_id": "Z1YSA3EXCYUU9Z"
              },
              {
                "dns_name": "ec2messages.us-west-2.amazonaws.com",
                "hosted_zone_id": "Z0334252B093691PIST9"
              }
            ],
            "dns_options": [
              {
                "dns_record_ip_type": "ipv4",
                "private_dns_only_for_inbound_resolver_endpoint": false
              }
            ],
            "id": "vpce-067566d2da3b81ed7",
            "ip_address_type": "ipv4",
            "network_interface_ids": [
              "eni-03bcef783abb71c3b",
              "eni-0c54929f1126f86c1"
            ],
            "owner_id": "992382777416",
            "policy": "{\"Statement\":[{\"Action\":\"*\",\"Effect\":\"Allow\",\"Principal\":\"*\",\"Resource\":\"*\"}]}",
            "prefix_list_id": null,
            "private_dns_enabled": true,
            "requester_managed": false,
            "resource_configuration_arn": "",
            "route_table_ids": [],
            "security_group_ids": [
              "sg-047afadff5acdbc11"
            ],
            "service_name": "com.amazonaws.us-west-2.ec2messages",
            "service_network_arn": "",
            "service_region": "us-west-2",
            "state": "available",
            "subnet_configuration": [
              {
                "ipv4": "10.10.128.122",
                "ipv6": "",
                "subnet_id": "subnet-04d7add5e5bfaa600"
              },
              {
                "ipv4": "10.10.135.42",
                "ipv6": "",
                "subnet_id": "subnet-0b970f59ec6f0fe81"
              }
            ],
            "subnet_ids": [
              "subnet-04d7add5e5bfaa600",
              "subnet-0b970f59ec6f0fe81"
            ],
            "tags": {
              "Name": "mzc-user05-ec2messages-endpoint"
            },
            "tags_all": {
              "Name": "mzc-user05-ec2messages-endpoint"
            },
            "timeouts": null,
            "vpc_endpoint_type": "Interface",
            "vpc_id": "vpc-0377713d7436a016f"
          },
          "sensitive_attributes": [],
          "private": "eyJlMmJmYjczMC1lY2FhLTExZTYtOGY4OC0zNDM2M2JjN2M0YzAiOnsiY3JlYXRlIjo2MDAwMDAwMDAwMDAsImRlbGV0ZSI6NjAwMDAwMDAwMDAwLCJ1cGRhdGUiOjYwMDAwMDAwMDAwMH19",
          "dependencies": [
            "module.networking.aws_security_group.vpc_endpoint_sg",
            "module.networking.aws_subnet.private",
            "module.networking.aws_vpc.main",
            "module.networking.data.aws_availability_zones.available"
          ]
        }
      ]
    },
    {
      "module": "module.networking",
      "mode": "managed",
      "type": "aws_vpc_endpoint",
      "name": "ssm",
      "provider": "provider[\"registry.terraform.io/hashicorp/aws\"]",
      "instances": [
        {
          "index_key": 0,
          "schema_version": 0,
          "attributes": {
            "arn": "arn:aws:ec2:us-west-2:992382777416:vpc-endpoint/vpce-05c3ca30556782e84",
            "auto_accept": null,
            "cidr_blocks": [],
            "dns_entry": [
              {
                "dns_name": "vpce-05c3ca30556782e84-3r8d1l4j.ssm.us-west-2.vpce.amazonaws.com",
                "hosted_zone_id": "Z1YSA3EXCYUU9Z"
              },
              {
                "dns_name": "vpce-05c3ca30556782e84-3r8d1l4j-us-west-2a.ssm.us-west-2.vpce.amazonaws.com",
                "hosted_zone_id": "Z1YSA3EXCYUU9Z"
              },
              {
                "dns_name": "vpce-05c3ca30556782e84-3r8d1l4j-us-west-2b.ssm.us-west-2.vpce.amazonaws.com",
                "hosted_zone_id": "Z1YSA3EXCYUU9Z"
              },
              {
                "dns_name": "ssm.us-west-2.amazonaws.com",
                "hosted_zone_id": "Z02740692BK6U4Z5YP33J"
              }
            ],
            "dns_options": [
              {
                "dns_record_ip_type": "ipv4",
                "private_dns_only_for_inbound_resolver_endpoint": false
              }
            ],
            "id": "vpce-05c3ca30556782e84",
            "ip_address_type": "ipv4",
            "network_interface_ids": [
              "eni-083f9b8a7df872fb2",
              "eni-0c064c6d54bafa42c"
            ],
            "owner_id": "992382777416",
            "policy": "{\"Statement\":[{\"Action\":\"*\",\"Effect\":\"Allow\",\"Principal\":\"*\",\"Resource\":\"*\"}]}",
            "prefix_list_id": null,
            "private_dns_enabled": true,
            "requester_managed": false,
            "resource_configuration_arn": "",
            "route_table_ids": [],
            "security_group_ids": [
              "sg-047afadff5acdbc11"
            ],
            "service_name": "com.amazonaws.us-west-2.ssm",
            "service_network_arn": "",
            "service_region": "us-west-2",
            "state": "available",
            "subnet_configuration": [
              {
                "ipv4": "10.10.131.102",
                "ipv6": "",
                "subnet_id": "subnet-04d7add5e5bfaa600"
              },
              {
                "ipv4": "10.10.133.4",
                "ipv6": "",
                "subnet_id": "subnet-0b970f59ec6f0fe81"
              }
            ],
            "subnet_ids": [
              "subnet-04d7add5e5bfaa600",
              "subnet-0b970f59ec6f0fe81"
            ],
            "tags": {
              "Name": "mzc-user05-ssm-endpoint"
            },
            "tags_all": {
              "Name": "mzc-user05-ssm-endpoint"
            },
            "timeouts": null,
            "vpc_endpoint_type": "Interface",
            "vpc_id": "vpc-0377713d7436a016f"
          },
          "sensitive_attributes": [],
          "private": "eyJlMmJmYjczMC1lY2FhLTExZTYtOGY4OC0zNDM2M2JjN2M0YzAiOnsiY3JlYXRlIjo2MDAwMDAwMDAwMDAsImRlbGV0ZSI6NjAwMDAwMDAwMDAwLCJ1cGRhdGUiOjYwMDAwMDAwMDAwMH19",
          "dependencies": [
            "module.networking.aws_security_group.vpc_endpoint_sg",
            "module.networking.aws_subnet.private",
            "module.networking.aws_vpc.main",
            "module.networking.data.aws_availability_zones.available"
          ]
        }
      ]
    },
    {
      "module": "module.networking",
      "mode": "managed",
      "type": "aws_vpc_endpoint",
      "name": "ssmmessages",
      "provider": "provider[\"registry.terraform.io/hashicorp/aws\"]",
      "instances": [
        {
          "index_key": 0,
          "schema_version": 0,
          "attributes": {
            "arn": "arn:aws:ec2:us-west-2:992382777416:vpc-endpoint/vpce-047fb94e218dd6d85",
            "auto_accept": null,
            "cidr_blocks": [],
            "dns_entry": [
              {
                "dns_name": "vpce-047fb94e218dd6d85-0s953hgz.ssmmessages.us-west-2.vpce.amazonaws.com",
                "hosted_zone_id": "Z1YSA3EXCYUU9Z"
              },
              {
                "dns_name": "vpce-047fb94e218dd6d85-0s953hgz-us-west-2a.ssmmessages.us-west-2.vpce.amazonaws.com",
                "hosted_zone_id": "Z1YSA3EXCYUU9Z"
              },
              {
                "dns_name": "vpce-047fb94e218dd6d85-0s953hgz-us-west-2b.ssmmessages.us-west-2.vpce.amazonaws.com",
                "hosted_zone_id": "Z1YSA3EXCYUU9Z"
              },
              {
                "dns_name": "ssmmessages.us-west-2.amazonaws.com",
                "hosted_zone_id": "Z027407727619CPYFEHNW"
              }
            ],
            "dns_options": [
              {
                "dns_record_ip_type": "ipv4",
                "private_dns_only_for_inbound_resolver_endpoint": false
              }
            ],
            "id": "vpce-047fb94e218dd6d85",
            "ip_address_type": "ipv4",
            "network_interface_ids": [
              "eni-03e31658d08bb436e",
              "eni-04975924d233290d6"
            ],
            "owner_id": "992382777416",
            "policy": "{\"Statement\":[{\"Action\":\"*\",\"Effect\":\"Allow\",\"Principal\":\"*\",\"Resource\":\"*\"}]}",
            "prefix_list_id": null,
            "private_dns_enabled": true,
            "requester_managed": false,
            "resource_configuration_arn": "",
            "route_table_ids": [],
            "security_group_ids": [
              "sg-047afadff5acdbc11"
            ],
            "service_name": "com.amazonaws.us-west-2.ssmmessages",
            "service_network_arn": "",
            "service_region": "us-west-2",
            "state": "available",
            "subnet_configuration": [
              {
                "ipv4": "10.10.129.219",
                "ipv6": "",
                "subnet_id": "subnet-04d7add5e5bfaa600"
              },
              {
                "ipv4": "10.10.134.54",
                "ipv6": "",
                "subnet_id": "subnet-0b970f59ec6f0fe81"
              }
            ],
            "subnet_ids": [
              "subnet-04d7add5e5bfaa600",
              "subnet-0b970f59ec6f0fe81"
            ],
            "tags": {
              "Name": "mzc-user05-ssmmessages-endpoint"
            },
            "tags_all": {
              "Name": "mzc-user05-ssmmessages-endpoint"
            },
            "timeouts": null,
            "vpc_endpoint_type": "Interface",
            "vpc_id": "vpc-0377713d7436a016f"
          },
          "sensitive_attributes": [],
          "private": "eyJlMmJmYjczMC1lY2FhLTExZTYtOGY4OC0zNDM2M2JjN2M0YzAiOnsiY3JlYXRlIjo2MDAwMDAwMDAwMDAsImRlbGV0ZSI6NjAwMDAwMDAwMDAwLCJ1cGRhdGUiOjYwMDAwMDAwMDAwMH19",
          "dependencies": [
            "module.networking.aws_security_group.vpc_endpoint_sg",
            "module.networking.aws_subnet.private",
            "module.networking.aws_vpc.main",
            "module.networking.data.aws_availability_zones.available"
          ]
        }
      ]
    },
    {
      "module": "module.rds",
      "mode": "managed",
      "type": "aws_db_instance",
      "name": "rds_primary",
      "provider": "provider[\"registry.terraform.io/hashicorp/aws\"]",
      "instances": [
        {
          "schema_version": 2,
          "attributes": {
            "address": "mzc-user05-rds-primary.chmcy22oqf6b.us-west-2.rds.amazonaws.com",
            "allocated_storage": 20,
            "allow_major_version_upgrade": null,
            "apply_immediately": false,
            "arn": "arn:aws:rds:us-west-2:992382777416:db:mzc-user05-rds-primary",
            "auto_minor_version_upgrade": true,
            "availability_zone": "us-west-2a",
            "backup_retention_period": 7,
            "backup_target": "region",
            "backup_window": "10:27-10:57",
            "blue_green_update": [],
            "ca_cert_identifier": "rds-ca-rsa2048-g1",
            "character_set_name": "",
            "copy_tags_to_snapshot": false,
            "custom_iam_instance_profile": "",
            "customer_owned_ip_enabled": false,
            "database_insights_mode": "standard",
            "db_name": "mydatabase",
            "db_subnet_group_name": "mzc-user05-rds-subnet-group",
            "dedicated_log_volume": false,
            "delete_automated_backups": true,
            "deletion_protection": false,
            "domain": "",
            "domain_auth_secret_arn": "",
            "domain_dns_ips": null,
            "domain_fqdn": "",
            "domain_iam_role_name": "",
            "domain_ou": "",
            "enabled_cloudwatch_logs_exports": null,
            "endpoint": "mzc-user05-rds-primary.chmcy22oqf6b.us-west-2.rds.amazonaws.com:3306",
            "engine": "mysql",
            "engine_lifecycle_support": "open-source-rds-extended-support",
            "engine_version": "8.0",
            "engine_version_actual": "8.0.40",
            "final_snapshot_identifier": null,
            "hosted_zone_id": "Z1PVIF0B656C1W",
            "iam_database_authentication_enabled": false,
            "id": "db-KHQDZBZPDOAFQCXUKST2XAYZ6A",
            "identifier": "mzc-user05-rds-primary",
            "identifier_prefix": "",
            "instance_class": "db.t3.micro",
            "iops": 3000,
            "kms_key_id": "",
            "latest_restorable_time": "2025-04-23T06:37:53Z",
            "license_model": "general-public-license",
            "listener_endpoint": [],
            "maintenance_window": "tue:07:05-tue:07:35",
            "manage_master_user_password": null,
            "master_user_secret": [],
            "master_user_secret_kms_key_id": null,
            "max_allocated_storage": 0,
            "monitoring_interval": 0,
            "monitoring_role_arn": "",
            "multi_az": true,
            "nchar_character_set_name": "",
            "network_type": "IPV4",
            "option_group_name": "default:mysql-8-0",
            "parameter_group_name": "default.mysql8.0",
            "password": "mzc-user05",
            "password_wo": null,
            "password_wo_version": null,
            "performance_insights_enabled": false,
            "performance_insights_kms_key_id": "",
            "performance_insights_retention_period": 0,
            "port": 3306,
            "publicly_accessible": false,
            "replica_mode": "",
            "replicas": [],
            "replicate_source_db": "",
            "resource_id": "db-KHQDZBZPDOAFQCXUKST2XAYZ6A",
            "restore_to_point_in_time": [],
            "s3_import": [],
            "skip_final_snapshot": true,
            "snapshot_identifier": null,
            "status": "available",
            "storage_encrypted": false,
            "storage_throughput": 125,
            "storage_type": "gp3",
            "tags": {
              "Name": "mzc-user05-rds-primary",
              "Tier": "Database"
            },
            "tags_all": {
              "Name": "mzc-user05-rds-primary",
              "Tier": "Database"
            },
            "timeouts": null,
            "timezone": "",
            "upgrade_storage_config": null,
            "username": "adminuser",
            "vpc_security_group_ids": [
              "sg-0f838089799129ea7"
            ]
          },
          "sensitive_attributes": [
            [
              {
                "type": "get_attr",
                "value": "password"
              }
            ],
            [
              {
                "type": "get_attr",
                "value": "password_wo"
              }
            ]
          ],
          "private": "eyJlMmJmYjczMC1lY2FhLTExZTYtOGY4OC0zNDM2M2JjN2M0YzAiOnsiY3JlYXRlIjozMDAwMDAwMDAwMDAwLCJkZWxldGUiOjM2MDAwMDAwMDAwMDAsInVwZGF0ZSI6NDgwMDAwMDAwMDAwMH0sInNjaGVtYV92ZXJzaW9uIjoiMiJ9",
          "dependencies": [
            "module.alb.aws_security_group.alb_sg",
            "module.compute.aws_security_group.ec2_sg",
            "module.networking.aws_subnet.private",
            "module.networking.aws_vpc.main",
            "module.networking.data.aws_availability_zones.available",
            "module.rds.aws_db_subnet_group.rds_subnet_group",
            "module.rds.aws_security_group.rds_sg"
          ]
        }
      ]
    },
    {
      "module": "module.rds",
      "mode": "managed",
      "type": "aws_db_subnet_group",
      "name": "rds_subnet_group",
      "provider": "provider[\"registry.terraform.io/hashicorp/aws\"]",
      "instances": [
        {
          "schema_version": 0,
          "attributes": {
            "arn": "arn:aws:rds:us-west-2:992382777416:subgrp:mzc-user05-rds-subnet-group",
            "description": "Managed by Terraform",
            "id": "mzc-user05-rds-subnet-group",
            "name": "mzc-user05-rds-subnet-group",
            "name_prefix": "",
            "subnet_ids": [
              "subnet-04d7add5e5bfaa600",
              "subnet-0b970f59ec6f0fe81"
            ],
            "supported_network_types": [
              "IPV4"
            ],
            "tags": {
              "Name": "mzc-user05-rds-subnet-group"
            },
            "tags_all": {
              "Name": "mzc-user05-rds-subnet-group"
            },
            "vpc_id": "vpc-0377713d7436a016f"
          },
          "sensitive_attributes": [],
          "private": "bnVsbA==",
          "dependencies": [
            "module.networking.aws_subnet.private",
            "module.networking.aws_vpc.main",
            "module.networking.data.aws_availability_zones.available"
          ]
        }
      ]
    },
    {
      "module": "module.rds",
      "mode": "managed",
      "type": "aws_security_group",
      "name": "rds_sg",
      "provider": "provider[\"registry.terraform.io/hashicorp/aws\"]",
      "instances": [
        {
          "schema_version": 1,
          "attributes": {
            "arn": "arn:aws:ec2:us-west-2:992382777416:security-group/sg-0f838089799129ea7",
            "description": "Allow database traffic from EC2 instances",
            "egress": [
              {
                "cidr_blocks": [
                  "0.0.0.0/0"
                ],
                "description": "",
                "from_port": 0,
                "ipv6_cidr_blocks": [],
                "prefix_list_ids": [],
                "protocol": "-1",
                "security_groups": [],
                "self": false,
                "to_port": 0
              }
            ],
            "id": "sg-0f838089799129ea7",
            "ingress": [
              {
                "cidr_blocks": [],
                "description": "Allow DB traffic from EC2 SG",
                "from_port": 3306,
                "ipv6_cidr_blocks": [],
                "prefix_list_ids": [],
                "protocol": "tcp",
                "security_groups": [
                  "sg-08051cdc09b94ee4c"
                ],
                "self": false,
                "to_port": 3306
              }
            ],
            "name": "mzc-user05-rds-sg",
            "name_prefix": "",
            "owner_id": "992382777416",
            "revoke_rules_on_delete": false,
            "tags": {
              "Name": "mzc-user05-rds-sg"
            },
            "tags_all": {
              "Name": "mzc-user05-rds-sg"
            },
            "timeouts": null,
            "vpc_id": "vpc-0377713d7436a016f"
          },
          "sensitive_attributes": [],
          "private": "eyJlMmJmYjczMC1lY2FhLTExZTYtOGY4OC0zNDM2M2JjN2M0YzAiOnsiY3JlYXRlIjo2MDAwMDAwMDAwMDAsImRlbGV0ZSI6OTAwMDAwMDAwMDAwfSwic2NoZW1hX3ZlcnNpb24iOiIxIn0=",
          "dependencies": [
            "module.alb.aws_security_group.alb_sg",
            "module.compute.aws_security_group.ec2_sg",
            "module.networking.aws_vpc.main"
          ]
        }
      ]
    }
  ],
  "check_results": null
}
